// !$*UTF8*$!
{
	archiveVersion = 1;
	classes = {
	};
	objectVersion = 56;
	objects = {

/* Begin PBXBuildFile section */
		6EB536192B74CB5A00C8B8CA /* AppDelegate.swift in Sources */ = {isa = PBXBuildFile; fileRef = 6EB536182B74CB5A00C8B8CA /* AppDelegate.swift */; };
		6EB5361B2B74CB5A00C8B8CA /* SceneDelegate.swift in Sources */ = {isa = PBXBuildFile; fileRef = 6EB5361A2B74CB5A00C8B8CA /* SceneDelegate.swift */; };
		6EB5361D2B74CB5A00C8B8CA /* ViewController.swift in Sources */ = {isa = PBXBuildFile; fileRef = 6EB5361C2B74CB5A00C8B8CA /* ViewController.swift */; };
		6EB536222B74CB5D00C8B8CA /* Assets.xcassets in Resources */ = {isa = PBXBuildFile; fileRef = 6EB536212B74CB5D00C8B8CA /* Assets.xcassets */; };
		6EB536252B74CB5D00C8B8CA /* LaunchScreen.storyboard in Resources */ = {isa = PBXBuildFile; fileRef = 6EB536232B74CB5D00C8B8CA /* LaunchScreen.storyboard */; };
		6EB5363D2B74D0BC00C8B8CA /* KazDesignSystem.h in Headers */ = {isa = PBXBuildFile; fileRef = 6EB5363C2B74D0BC00C8B8CA /* KazDesignSystem.h */; settings = {ATTRIBUTES = (Public, ); }; };
		6EB536402B74D0BC00C8B8CA /* KazDesignSystem.framework in Frameworks */ = {isa = PBXBuildFile; fileRef = 6EB5363A2B74D0BC00C8B8CA /* KazDesignSystem.framework */; };
		6EB536412B74D0BC00C8B8CA /* KazDesignSystem.framework in Embed Frameworks */ = {isa = PBXBuildFile; fileRef = 6EB5363A2B74D0BC00C8B8CA /* KazDesignSystem.framework */; settings = {ATTRIBUTES = (CodeSignOnCopy, RemoveHeadersOnCopy, ); }; };
		6EB536482B74D0E800C8B8CA /* PrimaryLabel.swift in Sources */ = {isa = PBXBuildFile; fileRef = 6EB536472B74D0E800C8B8CA /* PrimaryLabel.swift */; };
		6EB5364A2B74D0F500C8B8CA /* SecondayLabel.swift in Sources */ = {isa = PBXBuildFile; fileRef = 6EB536492B74D0F500C8B8CA /* SecondayLabel.swift */; };
		6EB5364C2B74D10700C8B8CA /* TertiaryLabel.swift in Sources */ = {isa = PBXBuildFile; fileRef = 6EB5364B2B74D10700C8B8CA /* TertiaryLabel.swift */; };
		6EB5364E2B74D17700C8B8CA /* PlaceholderLabel.swift in Sources */ = {isa = PBXBuildFile; fileRef = 6EB5364D2B74D17700C8B8CA /* PlaceholderLabel.swift */; };
		6EB536512B74D1DB00C8B8CA /* PrimaryButton.swift in Sources */ = {isa = PBXBuildFile; fileRef = 6EB536502B74D1DB00C8B8CA /* PrimaryButton.swift */; };
		6EB536532B74E25000C8B8CA /* Configurator+.swift in Sources */ = {isa = PBXBuildFile; fileRef = 6EB536522B74E25000C8B8CA /* Configurator+.swift */; };
		6EB536552B74E27100C8B8CA /* UIAlertController+.swift in Sources */ = {isa = PBXBuildFile; fileRef = 6EB536542B74E27100C8B8CA /* UIAlertController+.swift */; };
		6EB536572B74E29C00C8B8CA /* Array+.swift in Sources */ = {isa = PBXBuildFile; fileRef = 6EB536562B74E29C00C8B8CA /* Array+.swift */; };
		6EB536592B74E2DA00C8B8CA /* UIImageView+.swift in Sources */ = {isa = PBXBuildFile; fileRef = 6EB536582B74E2DA00C8B8CA /* UIImageView+.swift */; };
		6EB5365C2B74E2F200C8B8CA /* SnapKit in Frameworks */ = {isa = PBXBuildFile; productRef = 6EB5365B2B74E2F200C8B8CA /* SnapKit */; };
		6EB5365F2B74E30300C8B8CA /* Kingfisher in Frameworks */ = {isa = PBXBuildFile; productRef = 6EB5365E2B74E30300C8B8CA /* Kingfisher */; };
		6EB536612B74E32800C8B8CA /* UIViewController+.swift in Sources */ = {isa = PBXBuildFile; fileRef = 6EB536602B74E32800C8B8CA /* UIViewController+.swift */; };
		6EB536632B74E4C800C8B8CA /* LogManager.swift in Sources */ = {isa = PBXBuildFile; fileRef = 6EB536622B74E4C800C8B8CA /* LogManager.swift */; };
		6EB536652B74E4DB00C8B8CA /* AppError.swift in Sources */ = {isa = PBXBuildFile; fileRef = 6EB536642B74E4DB00C8B8CA /* AppError.swift */; };
		6EB536672B74FA0200C8B8CA /* SecondaryButton.swift in Sources */ = {isa = PBXBuildFile; fileRef = 6EB536662B74FA0200C8B8CA /* SecondaryButton.swift */; };
		6EB536692B74FBAD00C8B8CA /* TertiaryButton.swift in Sources */ = {isa = PBXBuildFile; fileRef = 6EB536682B74FBAD00C8B8CA /* TertiaryButton.swift */; };
		6EB5366B2B74FC9D00C8B8CA /* GCDManager.swift in Sources */ = {isa = PBXBuildFile; fileRef = 6EB5366A2B74FC9D00C8B8CA /* GCDManager.swift */; };
		6EB536722B74FD2600C8B8CA /* Model.swift in Sources */ = {isa = PBXBuildFile; fileRef = 6EB536712B74FD2600C8B8CA /* Model.swift */; };
		6EB536782B74FEBB00C8B8CA /* Router.swift in Sources */ = {isa = PBXBuildFile; fileRef = 6EB536772B74FEBA00C8B8CA /* Router.swift */; };
		6EB5367B2B75005C00C8B8CA /* HTTPMethod.swift in Sources */ = {isa = PBXBuildFile; fileRef = 6EB5367A2B75005C00C8B8CA /* HTTPMethod.swift */; };
		6EB5367D2B75014800C8B8CA /* HTTPHeader.swift in Sources */ = {isa = PBXBuildFile; fileRef = 6EB5367C2B75014800C8B8CA /* HTTPHeader.swift */; };
		6EB5367F2B751FB300C8B8CA /* HTTPParameter.swift in Sources */ = {isa = PBXBuildFile; fileRef = 6EB5367E2B751FB300C8B8CA /* HTTPParameter.swift */; };
		6EB536812B75281E00C8B8CA /* HTTPError.swift in Sources */ = {isa = PBXBuildFile; fileRef = 6EB536802B75281E00C8B8CA /* HTTPError.swift */; };
		6EB536852B752CF900C8B8CA /* HTTPClient.swift in Sources */ = {isa = PBXBuildFile; fileRef = 6EB536842B752CF900C8B8CA /* HTTPClient.swift */; };
		6EB536872B75321E00C8B8CA /* Bindable.swift in Sources */ = {isa = PBXBuildFile; fileRef = 6EB536862B75321E00C8B8CA /* Bindable.swift */; };
		6EB5368D2B753E9900C8B8CA /* UIControllable.swift in Sources */ = {isa = PBXBuildFile; fileRef = 6EB5368C2B753E9900C8B8CA /* UIControllable.swift */; };
		6EB536902B75406700C8B8CA /* BaseViewController.swift in Sources */ = {isa = PBXBuildFile; fileRef = 6EB5368F2B75406700C8B8CA /* BaseViewController.swift */; };
		6EB536922B75465600C8B8CA /* BaseTableViewCell.swift in Sources */ = {isa = PBXBuildFile; fileRef = 6EB536912B75465600C8B8CA /* BaseTableViewCell.swift */; };
		6EB536942B75473000C8B8CA /* BaseCollectionViewCell.swift in Sources */ = {isa = PBXBuildFile; fileRef = 6EB536932B75473000C8B8CA /* BaseCollectionViewCell.swift */; };
		6EB536962B75473C00C8B8CA /* BaseView.swift in Sources */ = {isa = PBXBuildFile; fileRef = 6EB536952B75473C00C8B8CA /* BaseView.swift */; };
/* End PBXBuildFile section */

/* Begin PBXContainerItemProxy section */
		6EB5363E2B74D0BC00C8B8CA /* PBXContainerItemProxy */ = {
			isa = PBXContainerItemProxy;
			containerPortal = 6EB5360D2B74CB5A00C8B8CA /* Project object */;
			proxyType = 1;
			remoteGlobalIDString = 6EB536392B74D0BC00C8B8CA;
			remoteInfo = KazDesignSystem;
		};
/* End PBXContainerItemProxy section */

/* Begin PBXCopyFilesBuildPhase section */
		6EB536452B74D0BC00C8B8CA /* Embed Frameworks */ = {
			isa = PBXCopyFilesBuildPhase;
			buildActionMask = 2147483647;
			dstPath = "";
			dstSubfolderSpec = 10;
			files = (
				6EB536412B74D0BC00C8B8CA /* KazDesignSystem.framework in Embed Frameworks */,
			);
			name = "Embed Frameworks";
			runOnlyForDeploymentPostprocessing = 0;
		};
/* End PBXCopyFilesBuildPhase section */

/* Begin PBXFileReference section */
		6EB536152B74CB5A00C8B8CA /* KazWeather.app */ = {isa = PBXFileReference; explicitFileType = wrapper.application; includeInIndex = 0; path = KazWeather.app; sourceTree = BUILT_PRODUCTS_DIR; };
		6EB536182B74CB5A00C8B8CA /* AppDelegate.swift */ = {isa = PBXFileReference; lastKnownFileType = sourcecode.swift; path = AppDelegate.swift; sourceTree = "<group>"; };
		6EB5361A2B74CB5A00C8B8CA /* SceneDelegate.swift */ = {isa = PBXFileReference; lastKnownFileType = sourcecode.swift; path = SceneDelegate.swift; sourceTree = "<group>"; };
		6EB5361C2B74CB5A00C8B8CA /* ViewController.swift */ = {isa = PBXFileReference; lastKnownFileType = sourcecode.swift; path = ViewController.swift; sourceTree = "<group>"; };
		6EB536212B74CB5D00C8B8CA /* Assets.xcassets */ = {isa = PBXFileReference; lastKnownFileType = folder.assetcatalog; path = Assets.xcassets; sourceTree = "<group>"; };
		6EB536242B74CB5D00C8B8CA /* Base */ = {isa = PBXFileReference; lastKnownFileType = file.storyboard; name = Base; path = Base.lproj/LaunchScreen.storyboard; sourceTree = "<group>"; };
		6EB536262B74CB5D00C8B8CA /* Info.plist */ = {isa = PBXFileReference; lastKnownFileType = text.plist.xml; path = Info.plist; sourceTree = "<group>"; };
		6EB5363A2B74D0BC00C8B8CA /* KazDesignSystem.framework */ = {isa = PBXFileReference; explicitFileType = wrapper.framework; includeInIndex = 0; path = KazDesignSystem.framework; sourceTree = BUILT_PRODUCTS_DIR; };
		6EB5363C2B74D0BC00C8B8CA /* KazDesignSystem.h */ = {isa = PBXFileReference; lastKnownFileType = sourcecode.c.h; path = KazDesignSystem.h; sourceTree = "<group>"; };
		6EB536472B74D0E800C8B8CA /* PrimaryLabel.swift */ = {isa = PBXFileReference; lastKnownFileType = sourcecode.swift; path = PrimaryLabel.swift; sourceTree = "<group>"; };
		6EB536492B74D0F500C8B8CA /* SecondayLabel.swift */ = {isa = PBXFileReference; lastKnownFileType = sourcecode.swift; path = SecondayLabel.swift; sourceTree = "<group>"; };
		6EB5364B2B74D10700C8B8CA /* TertiaryLabel.swift */ = {isa = PBXFileReference; lastKnownFileType = sourcecode.swift; path = TertiaryLabel.swift; sourceTree = "<group>"; };
		6EB5364D2B74D17700C8B8CA /* PlaceholderLabel.swift */ = {isa = PBXFileReference; lastKnownFileType = sourcecode.swift; path = PlaceholderLabel.swift; sourceTree = "<group>"; };
		6EB536502B74D1DB00C8B8CA /* PrimaryButton.swift */ = {isa = PBXFileReference; lastKnownFileType = sourcecode.swift; path = PrimaryButton.swift; sourceTree = "<group>"; };
		6EB536522B74E25000C8B8CA /* Configurator+.swift */ = {isa = PBXFileReference; lastKnownFileType = sourcecode.swift; path = "Configurator+.swift"; sourceTree = "<group>"; };
		6EB536542B74E27100C8B8CA /* UIAlertController+.swift */ = {isa = PBXFileReference; lastKnownFileType = sourcecode.swift; path = "UIAlertController+.swift"; sourceTree = "<group>"; };
		6EB536562B74E29C00C8B8CA /* Array+.swift */ = {isa = PBXFileReference; lastKnownFileType = sourcecode.swift; path = "Array+.swift"; sourceTree = "<group>"; };
		6EB536582B74E2DA00C8B8CA /* UIImageView+.swift */ = {isa = PBXFileReference; lastKnownFileType = sourcecode.swift; path = "UIImageView+.swift"; sourceTree = "<group>"; };
		6EB536602B74E32800C8B8CA /* UIViewController+.swift */ = {isa = PBXFileReference; lastKnownFileType = sourcecode.swift; path = "UIViewController+.swift"; sourceTree = "<group>"; };
		6EB536622B74E4C800C8B8CA /* LogManager.swift */ = {isa = PBXFileReference; lastKnownFileType = sourcecode.swift; path = LogManager.swift; sourceTree = "<group>"; };
		6EB536642B74E4DB00C8B8CA /* AppError.swift */ = {isa = PBXFileReference; lastKnownFileType = sourcecode.swift; path = AppError.swift; sourceTree = "<group>"; };
		6EB536662B74FA0200C8B8CA /* SecondaryButton.swift */ = {isa = PBXFileReference; lastKnownFileType = sourcecode.swift; path = SecondaryButton.swift; sourceTree = "<group>"; };
		6EB536682B74FBAD00C8B8CA /* TertiaryButton.swift */ = {isa = PBXFileReference; lastKnownFileType = sourcecode.swift; path = TertiaryButton.swift; sourceTree = "<group>"; };
		6EB5366A2B74FC9D00C8B8CA /* GCDManager.swift */ = {isa = PBXFileReference; lastKnownFileType = sourcecode.swift; path = GCDManager.swift; sourceTree = "<group>"; };
		6EB536712B74FD2600C8B8CA /* Model.swift */ = {isa = PBXFileReference; lastKnownFileType = sourcecode.swift; path = Model.swift; sourceTree = "<group>"; };
		6EB536772B74FEBA00C8B8CA /* Router.swift */ = {isa = PBXFileReference; lastKnownFileType = sourcecode.swift; path = Router.swift; sourceTree = "<group>"; };
		6EB5367A2B75005C00C8B8CA /* HTTPMethod.swift */ = {isa = PBXFileReference; lastKnownFileType = sourcecode.swift; path = HTTPMethod.swift; sourceTree = "<group>"; };
		6EB5367C2B75014800C8B8CA /* HTTPHeader.swift */ = {isa = PBXFileReference; lastKnownFileType = sourcecode.swift; path = HTTPHeader.swift; sourceTree = "<group>"; };
		6EB5367E2B751FB300C8B8CA /* HTTPParameter.swift */ = {isa = PBXFileReference; lastKnownFileType = sourcecode.swift; path = HTTPParameter.swift; sourceTree = "<group>"; };
		6EB536802B75281E00C8B8CA /* HTTPError.swift */ = {isa = PBXFileReference; lastKnownFileType = sourcecode.swift; path = HTTPError.swift; sourceTree = "<group>"; };
		6EB536842B752CF900C8B8CA /* HTTPClient.swift */ = {isa = PBXFileReference; lastKnownFileType = sourcecode.swift; path = HTTPClient.swift; sourceTree = "<group>"; };
		6EB536862B75321E00C8B8CA /* Bindable.swift */ = {isa = PBXFileReference; lastKnownFileType = sourcecode.swift; path = Bindable.swift; sourceTree = "<group>"; };
		6EB5368C2B753E9900C8B8CA /* UIControllable.swift */ = {isa = PBXFileReference; lastKnownFileType = sourcecode.swift; path = UIControllable.swift; sourceTree = "<group>"; };
		6EB5368F2B75406700C8B8CA /* BaseViewController.swift */ = {isa = PBXFileReference; lastKnownFileType = sourcecode.swift; path = BaseViewController.swift; sourceTree = "<group>"; };
		6EB536912B75465600C8B8CA /* BaseTableViewCell.swift */ = {isa = PBXFileReference; lastKnownFileType = sourcecode.swift; path = BaseTableViewCell.swift; sourceTree = "<group>"; };
		6EB536932B75473000C8B8CA /* BaseCollectionViewCell.swift */ = {isa = PBXFileReference; lastKnownFileType = sourcecode.swift; path = BaseCollectionViewCell.swift; sourceTree = "<group>"; };
		6EB536952B75473C00C8B8CA /* BaseView.swift */ = {isa = PBXFileReference; lastKnownFileType = sourcecode.swift; path = BaseView.swift; sourceTree = "<group>"; };
/* End PBXFileReference section */

/* Begin PBXFrameworksBuildPhase section */
		6EB536122B74CB5A00C8B8CA /* Frameworks */ = {
			isa = PBXFrameworksBuildPhase;
			buildActionMask = 2147483647;
			files = (
				6EB5365F2B74E30300C8B8CA /* Kingfisher in Frameworks */,
				6EB536402B74D0BC00C8B8CA /* KazDesignSystem.framework in Frameworks */,
				6EB5365C2B74E2F200C8B8CA /* SnapKit in Frameworks */,
			);
			runOnlyForDeploymentPostprocessing = 0;
		};
		6EB536372B74D0BC00C8B8CA /* Frameworks */ = {
			isa = PBXFrameworksBuildPhase;
			buildActionMask = 2147483647;
			files = (
			);
			runOnlyForDeploymentPostprocessing = 0;
		};
/* End PBXFrameworksBuildPhase section */

/* Begin PBXGroup section */
		6EB5360C2B74CB5A00C8B8CA = {
			isa = PBXGroup;
			children = (
				6EB536172B74CB5A00C8B8CA /* KazWeather */,
				6EB5363B2B74D0BC00C8B8CA /* KazDesignSystem */,
				6EB536162B74CB5A00C8B8CA /* Products */,
			);
			sourceTree = "<group>";
		};
		6EB536162B74CB5A00C8B8CA /* Products */ = {
			isa = PBXGroup;
			children = (
				6EB536152B74CB5A00C8B8CA /* KazWeather.app */,
				6EB5363A2B74D0BC00C8B8CA /* KazDesignSystem.framework */,
			);
			name = Products;
			sourceTree = "<group>";
		};
		6EB536172B74CB5A00C8B8CA /* KazWeather */ = {
			isa = PBXGroup;
			children = (
				6EB5362D2B74CDAA00C8B8CA /* App */,
				6EB5362E2B74CDAC00C8B8CA /* Config */,
				6EB5362F2B74CDAD00C8B8CA /* Data */,
				6EB536302B74CDAF00C8B8CA /* Presenter */,
				6EB5362C2B74CDA700C8B8CA /* Resource */,
				6EB536312B74CDB300C8B8CA /* Utility */,
			);
			path = KazWeather;
			sourceTree = "<group>";
		};
		6EB5362C2B74CDA700C8B8CA /* Resource */ = {
			isa = PBXGroup;
			children = (
				6EB536212B74CB5D00C8B8CA /* Assets.xcassets */,
			);
			path = Resource;
			sourceTree = "<group>";
		};
		6EB5362D2B74CDAA00C8B8CA /* App */ = {
			isa = PBXGroup;
			children = (
				6EB536182B74CB5A00C8B8CA /* AppDelegate.swift */,
				6EB536232B74CB5D00C8B8CA /* LaunchScreen.storyboard */,
				6EB5361A2B74CB5A00C8B8CA /* SceneDelegate.swift */,
				6EB536642B74E4DB00C8B8CA /* AppError.swift */,
			);
			path = App;
			sourceTree = "<group>";
		};
		6EB5362E2B74CDAC00C8B8CA /* Config */ = {
			isa = PBXGroup;
			children = (
				6EB536262B74CB5D00C8B8CA /* Info.plist */,
			);
			path = Config;
			sourceTree = "<group>";
		};
		6EB5362F2B74CDAD00C8B8CA /* Data */ = {
			isa = PBXGroup;
			children = (
				6EB536742B74FD4D00C8B8CA /* Network */,
				6EB536732B74FD4200C8B8CA /* Model */,
			);
			path = Data;
			sourceTree = "<group>";
		};
		6EB536302B74CDAF00C8B8CA /* Presenter */ = {
			isa = PBXGroup;
			children = (
				6EB536882B753E2A00C8B8CA /* Common */,
				6EB5361C2B74CB5A00C8B8CA /* ViewController.swift */,
			);
			path = Presenter;
			sourceTree = "<group>";
		};
		6EB536312B74CDB300C8B8CA /* Utility */ = {
			isa = PBXGroup;
			children = (
				6EB536332B74D08D00C8B8CA /* Manager */,
				6EB536322B74D08900C8B8CA /* Extension */,
			);
			path = Utility;
			sourceTree = "<group>";
		};
		6EB536322B74D08900C8B8CA /* Extension */ = {
			isa = PBXGroup;
			children = (
				6EB536562B74E29C00C8B8CA /* Array+.swift */,
				6EB536522B74E25000C8B8CA /* Configurator+.swift */,
				6EB536542B74E27100C8B8CA /* UIAlertController+.swift */,
				6EB536582B74E2DA00C8B8CA /* UIImageView+.swift */,
				6EB536602B74E32800C8B8CA /* UIViewController+.swift */,
			);
			path = Extension;
			sourceTree = "<group>";
		};
		6EB536332B74D08D00C8B8CA /* Manager */ = {
			isa = PBXGroup;
			children = (
				6EB536622B74E4C800C8B8CA /* LogManager.swift */,
				6EB5366A2B74FC9D00C8B8CA /* GCDManager.swift */,
				6EB536862B75321E00C8B8CA /* Bindable.swift */,
			);
			path = Manager;
			sourceTree = "<group>";
		};
		6EB5363B2B74D0BC00C8B8CA /* KazDesignSystem */ = {
			isa = PBXGroup;
			children = (
				6EB5363C2B74D0BC00C8B8CA /* KazDesignSystem.h */,
				6EB536462B74D0C100C8B8CA /* UILabel */,
				6EB5364F2B74D1D000C8B8CA /* UIButton */,
			);
			path = KazDesignSystem;
			sourceTree = "<group>";
		};
		6EB536462B74D0C100C8B8CA /* UILabel */ = {
			isa = PBXGroup;
			children = (
				6EB536472B74D0E800C8B8CA /* PrimaryLabel.swift */,
				6EB536492B74D0F500C8B8CA /* SecondayLabel.swift */,
				6EB5364B2B74D10700C8B8CA /* TertiaryLabel.swift */,
				6EB5364D2B74D17700C8B8CA /* PlaceholderLabel.swift */,
			);
			path = UILabel;
			sourceTree = "<group>";
		};
		6EB5364F2B74D1D000C8B8CA /* UIButton */ = {
			isa = PBXGroup;
			children = (
				6EB536502B74D1DB00C8B8CA /* PrimaryButton.swift */,
				6EB536662B74FA0200C8B8CA /* SecondaryButton.swift */,
				6EB536682B74FBAD00C8B8CA /* TertiaryButton.swift */,
			);
			path = UIButton;
			sourceTree = "<group>";
		};
		6EB5366E2B74FD1400C8B8CA /* Protocol */ = {
			isa = PBXGroup;
			children = (
				6EB536712B74FD2600C8B8CA /* Model.swift */,
			);
			path = Protocol;
			sourceTree = "<group>";
		};
		6EB536732B74FD4200C8B8CA /* Model */ = {
			isa = PBXGroup;
			children = (
				6EB5366E2B74FD1400C8B8CA /* Protocol */,
			);
			path = Model;
			sourceTree = "<group>";
		};
		6EB536742B74FD4D00C8B8CA /* Network */ = {
			isa = PBXGroup;
			children = (
				6EB536792B75004000C8B8CA /* Basement */,
				6EB536752B74FE9E00C8B8CA /* Router */,
				6EB536842B752CF900C8B8CA /* HTTPClient.swift */,
			);
			path = Network;
			sourceTree = "<group>";
		};
		6EB536752B74FE9E00C8B8CA /* Router */ = {
			isa = PBXGroup;
			children = (
				6EB536762B74FEA800C8B8CA /* Protocol */,
			);
			path = Router;
			sourceTree = "<group>";
		};
		6EB536762B74FEA800C8B8CA /* Protocol */ = {
			isa = PBXGroup;
			children = (
				6EB536772B74FEBA00C8B8CA /* Router.swift */,
			);
			path = Protocol;
			sourceTree = "<group>";
		};
		6EB536792B75004000C8B8CA /* Basement */ = {
			isa = PBXGroup;
			children = (
				6EB5367A2B75005C00C8B8CA /* HTTPMethod.swift */,
				6EB5367C2B75014800C8B8CA /* HTTPHeader.swift */,
				6EB5367E2B751FB300C8B8CA /* HTTPParameter.swift */,
				6EB536802B75281E00C8B8CA /* HTTPError.swift */,
			);
			path = Basement;
			sourceTree = "<group>";
		};
		6EB536882B753E2A00C8B8CA /* Common */ = {
			isa = PBXGroup;
			children = (
				6EB5368E2B75404F00C8B8CA /* Base */,
				6EB5368B2B753E8600C8B8CA /* Protocol */,
			);
			path = Common;
			sourceTree = "<group>";
		};
		6EB5368B2B753E8600C8B8CA /* Protocol */ = {
			isa = PBXGroup;
			children = (
				6EB5368C2B753E9900C8B8CA /* UIControllable.swift */,
			);
			path = Protocol;
			sourceTree = "<group>";
		};
		6EB5368E2B75404F00C8B8CA /* Base */ = {
			isa = PBXGroup;
			children = (
				6EB5368F2B75406700C8B8CA /* BaseViewController.swift */,
				6EB536912B75465600C8B8CA /* BaseTableViewCell.swift */,
				6EB536932B75473000C8B8CA /* BaseCollectionViewCell.swift */,
				6EB536952B75473C00C8B8CA /* BaseView.swift */,
			);
			path = Base;
			sourceTree = "<group>";
		};
/* End PBXGroup section */

/* Begin PBXHeadersBuildPhase section */
		6EB536352B74D0BC00C8B8CA /* Headers */ = {
			isa = PBXHeadersBuildPhase;
			buildActionMask = 2147483647;
			files = (
				6EB5363D2B74D0BC00C8B8CA /* KazDesignSystem.h in Headers */,
			);
			runOnlyForDeploymentPostprocessing = 0;
		};
/* End PBXHeadersBuildPhase section */

/* Begin PBXNativeTarget section */
		6EB536142B74CB5A00C8B8CA /* KazWeather */ = {
			isa = PBXNativeTarget;
			buildConfigurationList = 6EB536292B74CB5D00C8B8CA /* Build configuration list for PBXNativeTarget "KazWeather" */;
			buildPhases = (
				6EB536112B74CB5A00C8B8CA /* Sources */,
				6EB536122B74CB5A00C8B8CA /* Frameworks */,
				6EB536132B74CB5A00C8B8CA /* Resources */,
				6EB536452B74D0BC00C8B8CA /* Embed Frameworks */,
			);
			buildRules = (
			);
			dependencies = (
				6EB5363F2B74D0BC00C8B8CA /* PBXTargetDependency */,
			);
			name = KazWeather;
			packageProductDependencies = (
				6EB5365B2B74E2F200C8B8CA /* SnapKit */,
				6EB5365E2B74E30300C8B8CA /* Kingfisher */,
			);
			productName = KazWeather;
			productReference = 6EB536152B74CB5A00C8B8CA /* KazWeather.app */;
			productType = "com.apple.product-type.application";
		};
		6EB536392B74D0BC00C8B8CA /* KazDesignSystem */ = {
			isa = PBXNativeTarget;
			buildConfigurationList = 6EB536422B74D0BC00C8B8CA /* Build configuration list for PBXNativeTarget "KazDesignSystem" */;
			buildPhases = (
				6EB536352B74D0BC00C8B8CA /* Headers */,
				6EB536362B74D0BC00C8B8CA /* Sources */,
				6EB536372B74D0BC00C8B8CA /* Frameworks */,
				6EB536382B74D0BC00C8B8CA /* Resources */,
			);
			buildRules = (
			);
			dependencies = (
			);
			name = KazDesignSystem;
			productName = KazDesignSystem;
			productReference = 6EB5363A2B74D0BC00C8B8CA /* KazDesignSystem.framework */;
			productType = "com.apple.product-type.framework";
		};
/* End PBXNativeTarget section */

/* Begin PBXProject section */
		6EB5360D2B74CB5A00C8B8CA /* Project object */ = {
			isa = PBXProject;
			attributes = {
				BuildIndependentTargetsInParallel = 1;
				LastSwiftUpdateCheck = 1520;
				LastUpgradeCheck = 1520;
				TargetAttributes = {
					6EB536142B74CB5A00C8B8CA = {
						CreatedOnToolsVersion = 15.2;
					};
					6EB536392B74D0BC00C8B8CA = {
						CreatedOnToolsVersion = 15.2;
						LastSwiftMigration = 1520;
					};
				};
			};
			buildConfigurationList = 6EB536102B74CB5A00C8B8CA /* Build configuration list for PBXProject "KazWeather" */;
			compatibilityVersion = "Xcode 14.0";
			developmentRegion = en;
			hasScannedForEncodings = 0;
			knownRegions = (
				en,
				Base,
			);
			mainGroup = 6EB5360C2B74CB5A00C8B8CA;
			packageReferences = (
				6EB5365A2B74E2F200C8B8CA /* XCRemoteSwiftPackageReference "SnapKit" */,
				6EB5365D2B74E30300C8B8CA /* XCRemoteSwiftPackageReference "Kingfisher" */,
			);
			productRefGroup = 6EB536162B74CB5A00C8B8CA /* Products */;
			projectDirPath = "";
			projectRoot = "";
			targets = (
				6EB536142B74CB5A00C8B8CA /* KazWeather */,
				6EB536392B74D0BC00C8B8CA /* KazDesignSystem */,
			);
		};
/* End PBXProject section */

/* Begin PBXResourcesBuildPhase section */
		6EB536132B74CB5A00C8B8CA /* Resources */ = {
			isa = PBXResourcesBuildPhase;
			buildActionMask = 2147483647;
			files = (
				6EB536252B74CB5D00C8B8CA /* LaunchScreen.storyboard in Resources */,
				6EB536222B74CB5D00C8B8CA /* Assets.xcassets in Resources */,
			);
			runOnlyForDeploymentPostprocessing = 0;
		};
		6EB536382B74D0BC00C8B8CA /* Resources */ = {
			isa = PBXResourcesBuildPhase;
			buildActionMask = 2147483647;
			files = (
			);
			runOnlyForDeploymentPostprocessing = 0;
		};
/* End PBXResourcesBuildPhase section */

/* Begin PBXSourcesBuildPhase section */
		6EB536112B74CB5A00C8B8CA /* Sources */ = {
			isa = PBXSourcesBuildPhase;
			buildActionMask = 2147483647;
			files = (
				6EB536852B752CF900C8B8CA /* HTTPClient.swift in Sources */,
				6EB536632B74E4C800C8B8CA /* LogManager.swift in Sources */,
				6EB536872B75321E00C8B8CA /* Bindable.swift in Sources */,
				6EB536532B74E25000C8B8CA /* Configurator+.swift in Sources */,
				6EB5367B2B75005C00C8B8CA /* HTTPMethod.swift in Sources */,
				6EB536902B75406700C8B8CA /* BaseViewController.swift in Sources */,
				6EB536942B75473000C8B8CA /* BaseCollectionViewCell.swift in Sources */,
				6EB536652B74E4DB00C8B8CA /* AppError.swift in Sources */,
				6EB5361D2B74CB5A00C8B8CA /* ViewController.swift in Sources */,
				6EB536612B74E32800C8B8CA /* UIViewController+.swift in Sources */,
				6EB5368D2B753E9900C8B8CA /* UIControllable.swift in Sources */,
				6EB536592B74E2DA00C8B8CA /* UIImageView+.swift in Sources */,
				6EB536722B74FD2600C8B8CA /* Model.swift in Sources */,
				6EB536192B74CB5A00C8B8CA /* AppDelegate.swift in Sources */,
				6EB5366B2B74FC9D00C8B8CA /* GCDManager.swift in Sources */,
				6EB536962B75473C00C8B8CA /* BaseView.swift in Sources */,
				6EB536572B74E29C00C8B8CA /* Array+.swift in Sources */,
				6EB5361B2B74CB5A00C8B8CA /* SceneDelegate.swift in Sources */,
				6EB536922B75465600C8B8CA /* BaseTableViewCell.swift in Sources */,
				6EB5367D2B75014800C8B8CA /* HTTPHeader.swift in Sources */,
				6EB536552B74E27100C8B8CA /* UIAlertController+.swift in Sources */,
				6EB536782B74FEBB00C8B8CA /* Router.swift in Sources */,
				6EB5367F2B751FB300C8B8CA /* HTTPParameter.swift in Sources */,
				6EB536812B75281E00C8B8CA /* HTTPError.swift in Sources */,
			);
			runOnlyForDeploymentPostprocessing = 0;
		};
		6EB536362B74D0BC00C8B8CA /* Sources */ = {
			isa = PBXSourcesBuildPhase;
			buildActionMask = 2147483647;
			files = (
				6EB536672B74FA0200C8B8CA /* SecondaryButton.swift in Sources */,
				6EB5364E2B74D17700C8B8CA /* PlaceholderLabel.swift in Sources */,
				6EB536692B74FBAD00C8B8CA /* TertiaryButton.swift in Sources */,
				6EB5364A2B74D0F500C8B8CA /* SecondayLabel.swift in Sources */,
				6EB536512B74D1DB00C8B8CA /* PrimaryButton.swift in Sources */,
				6EB5364C2B74D10700C8B8CA /* TertiaryLabel.swift in Sources */,
				6EB536482B74D0E800C8B8CA /* PrimaryLabel.swift in Sources */,
			);
			runOnlyForDeploymentPostprocessing = 0;
		};
/* End PBXSourcesBuildPhase section */

/* Begin PBXTargetDependency section */
		6EB5363F2B74D0BC00C8B8CA /* PBXTargetDependency */ = {
			isa = PBXTargetDependency;
			target = 6EB536392B74D0BC00C8B8CA /* KazDesignSystem */;
			targetProxy = 6EB5363E2B74D0BC00C8B8CA /* PBXContainerItemProxy */;
		};
/* End PBXTargetDependency section */

/* Begin PBXVariantGroup section */
		6EB536232B74CB5D00C8B8CA /* LaunchScreen.storyboard */ = {
			isa = PBXVariantGroup;
			children = (
				6EB536242B74CB5D00C8B8CA /* Base */,
			);
			name = LaunchScreen.storyboard;
			sourceTree = "<group>";
		};
/* End PBXVariantGroup section */

/* Begin XCBuildConfiguration section */
		6EB536272B74CB5D00C8B8CA /* Debug */ = {
			isa = XCBuildConfiguration;
			buildSettings = {
				ALWAYS_SEARCH_USER_PATHS = NO;
				ASSETCATALOG_COMPILER_GENERATE_SWIFT_ASSET_SYMBOL_EXTENSIONS = YES;
				CLANG_ANALYZER_NONNULL = YES;
				CLANG_ANALYZER_NUMBER_OBJECT_CONVERSION = YES_AGGRESSIVE;
				CLANG_CXX_LANGUAGE_STANDARD = "gnu++20";
				CLANG_ENABLE_MODULES = YES;
				CLANG_ENABLE_OBJC_ARC = YES;
				CLANG_ENABLE_OBJC_WEAK = YES;
				CLANG_WARN_BLOCK_CAPTURE_AUTORELEASING = YES;
				CLANG_WARN_BOOL_CONVERSION = YES;
				CLANG_WARN_COMMA = YES;
				CLANG_WARN_CONSTANT_CONVERSION = YES;
				CLANG_WARN_DEPRECATED_OBJC_IMPLEMENTATIONS = YES;
				CLANG_WARN_DIRECT_OBJC_ISA_USAGE = YES_ERROR;
				CLANG_WARN_DOCUMENTATION_COMMENTS = YES;
				CLANG_WARN_EMPTY_BODY = YES;
				CLANG_WARN_ENUM_CONVERSION = YES;
				CLANG_WARN_INFINITE_RECURSION = YES;
				CLANG_WARN_INT_CONVERSION = YES;
				CLANG_WARN_NON_LITERAL_NULL_CONVERSION = YES;
				CLANG_WARN_OBJC_IMPLICIT_RETAIN_SELF = YES;
				CLANG_WARN_OBJC_LITERAL_CONVERSION = YES;
				CLANG_WARN_OBJC_ROOT_CLASS = YES_ERROR;
				CLANG_WARN_QUOTED_INCLUDE_IN_FRAMEWORK_HEADER = YES;
				CLANG_WARN_RANGE_LOOP_ANALYSIS = YES;
				CLANG_WARN_STRICT_PROTOTYPES = YES;
				CLANG_WARN_SUSPICIOUS_MOVE = YES;
				CLANG_WARN_UNGUARDED_AVAILABILITY = YES_AGGRESSIVE;
				CLANG_WARN_UNREACHABLE_CODE = YES;
				CLANG_WARN__DUPLICATE_METHOD_MATCH = YES;
				COPY_PHASE_STRIP = NO;
				DEBUG_INFORMATION_FORMAT = dwarf;
				ENABLE_STRICT_OBJC_MSGSEND = YES;
				ENABLE_TESTABILITY = YES;
				ENABLE_USER_SCRIPT_SANDBOXING = YES;
				GCC_C_LANGUAGE_STANDARD = gnu17;
				GCC_DYNAMIC_NO_PIC = NO;
				GCC_NO_COMMON_BLOCKS = YES;
				GCC_OPTIMIZATION_LEVEL = 0;
				GCC_PREPROCESSOR_DEFINITIONS = (
					"DEBUG=1",
					"$(inherited)",
				);
				GCC_WARN_64_TO_32_BIT_CONVERSION = YES;
				GCC_WARN_ABOUT_RETURN_TYPE = YES_ERROR;
				GCC_WARN_UNDECLARED_SELECTOR = YES;
				GCC_WARN_UNINITIALIZED_AUTOS = YES_AGGRESSIVE;
				GCC_WARN_UNUSED_FUNCTION = YES;
				GCC_WARN_UNUSED_VARIABLE = YES;
				IPHONEOS_DEPLOYMENT_TARGET = 17.2;
				LOCALIZATION_PREFERS_STRING_CATALOGS = YES;
				MTL_ENABLE_DEBUG_INFO = INCLUDE_SOURCE;
				MTL_FAST_MATH = YES;
				ONLY_ACTIVE_ARCH = YES;
				SDKROOT = iphoneos;
				SWIFT_ACTIVE_COMPILATION_CONDITIONS = "DEBUG $(inherited)";
				SWIFT_OPTIMIZATION_LEVEL = "-Onone";
			};
			name = Debug;
		};
		6EB536282B74CB5D00C8B8CA /* Release */ = {
			isa = XCBuildConfiguration;
			buildSettings = {
				ALWAYS_SEARCH_USER_PATHS = NO;
				ASSETCATALOG_COMPILER_GENERATE_SWIFT_ASSET_SYMBOL_EXTENSIONS = YES;
				CLANG_ANALYZER_NONNULL = YES;
				CLANG_ANALYZER_NUMBER_OBJECT_CONVERSION = YES_AGGRESSIVE;
				CLANG_CXX_LANGUAGE_STANDARD = "gnu++20";
				CLANG_ENABLE_MODULES = YES;
				CLANG_ENABLE_OBJC_ARC = YES;
				CLANG_ENABLE_OBJC_WEAK = YES;
				CLANG_WARN_BLOCK_CAPTURE_AUTORELEASING = YES;
				CLANG_WARN_BOOL_CONVERSION = YES;
				CLANG_WARN_COMMA = YES;
				CLANG_WARN_CONSTANT_CONVERSION = YES;
				CLANG_WARN_DEPRECATED_OBJC_IMPLEMENTATIONS = YES;
				CLANG_WARN_DIRECT_OBJC_ISA_USAGE = YES_ERROR;
				CLANG_WARN_DOCUMENTATION_COMMENTS = YES;
				CLANG_WARN_EMPTY_BODY = YES;
				CLANG_WARN_ENUM_CONVERSION = YES;
				CLANG_WARN_INFINITE_RECURSION = YES;
				CLANG_WARN_INT_CONVERSION = YES;
				CLANG_WARN_NON_LITERAL_NULL_CONVERSION = YES;
				CLANG_WARN_OBJC_IMPLICIT_RETAIN_SELF = YES;
				CLANG_WARN_OBJC_LITERAL_CONVERSION = YES;
				CLANG_WARN_OBJC_ROOT_CLASS = YES_ERROR;
				CLANG_WARN_QUOTED_INCLUDE_IN_FRAMEWORK_HEADER = YES;
				CLANG_WARN_RANGE_LOOP_ANALYSIS = YES;
				CLANG_WARN_STRICT_PROTOTYPES = YES;
				CLANG_WARN_SUSPICIOUS_MOVE = YES;
				CLANG_WARN_UNGUARDED_AVAILABILITY = YES_AGGRESSIVE;
				CLANG_WARN_UNREACHABLE_CODE = YES;
				CLANG_WARN__DUPLICATE_METHOD_MATCH = YES;
				COPY_PHASE_STRIP = NO;
				DEBUG_INFORMATION_FORMAT = "dwarf-with-dsym";
				ENABLE_NS_ASSERTIONS = NO;
				ENABLE_STRICT_OBJC_MSGSEND = YES;
				ENABLE_USER_SCRIPT_SANDBOXING = YES;
				GCC_C_LANGUAGE_STANDARD = gnu17;
				GCC_NO_COMMON_BLOCKS = YES;
				GCC_WARN_64_TO_32_BIT_CONVERSION = YES;
				GCC_WARN_ABOUT_RETURN_TYPE = YES_ERROR;
				GCC_WARN_UNDECLARED_SELECTOR = YES;
				GCC_WARN_UNINITIALIZED_AUTOS = YES_AGGRESSIVE;
				GCC_WARN_UNUSED_FUNCTION = YES;
				GCC_WARN_UNUSED_VARIABLE = YES;
				IPHONEOS_DEPLOYMENT_TARGET = 17.2;
				LOCALIZATION_PREFERS_STRING_CATALOGS = YES;
				MTL_ENABLE_DEBUG_INFO = NO;
				MTL_FAST_MATH = YES;
				SDKROOT = iphoneos;
				SWIFT_COMPILATION_MODE = wholemodule;
				VALIDATE_PRODUCT = YES;
			};
			name = Release;
		};
		6EB5362A2B74CB5D00C8B8CA /* Debug */ = {
			isa = XCBuildConfiguration;
			buildSettings = {
				ALWAYS_EMBED_SWIFT_STANDARD_LIBRARIES = YES;
				ASSETCATALOG_COMPILER_APPICON_NAME = AppIcon;
				ASSETCATALOG_COMPILER_GLOBAL_ACCENT_COLOR_NAME = AccentColor;
				CODE_SIGN_STYLE = Automatic;
				CURRENT_PROJECT_VERSION = 1;
				DEVELOPMENT_TEAM = 75QZ7682T2;
				GENERATE_INFOPLIST_FILE = YES;
				INFOPLIST_FILE = KazWeather/Config/Info.plist;
				INFOPLIST_KEY_UIApplicationSupportsIndirectInputEvents = YES;
				INFOPLIST_KEY_UILaunchStoryboardName = LaunchScreen;
				INFOPLIST_KEY_UISupportedInterfaceOrientations_iPad = "UIInterfaceOrientationPortrait UIInterfaceOrientationPortraitUpsideDown UIInterfaceOrientationLandscapeLeft UIInterfaceOrientationLandscapeRight";
				INFOPLIST_KEY_UISupportedInterfaceOrientations_iPhone = "UIInterfaceOrientationPortrait UIInterfaceOrientationLandscapeLeft UIInterfaceOrientationLandscapeRight";
				LD_RUNPATH_SEARCH_PATHS = (
					"$(inherited)",
					"@executable_path/Frameworks",
				);
				MARKETING_VERSION = 1.0;
				PRODUCT_BUNDLE_IDENTIFIER = com.Kaz.KazWeather;
				PRODUCT_NAME = "$(TARGET_NAME)";
				SWIFT_EMIT_LOC_STRINGS = YES;
				SWIFT_VERSION = 5.0;
				TARGETED_DEVICE_FAMILY = "1,2";
			};
			name = Debug;
		};
		6EB5362B2B74CB5D00C8B8CA /* Release */ = {
			isa = XCBuildConfiguration;
			buildSettings = {
				ALWAYS_EMBED_SWIFT_STANDARD_LIBRARIES = YES;
				ASSETCATALOG_COMPILER_APPICON_NAME = AppIcon;
				ASSETCATALOG_COMPILER_GLOBAL_ACCENT_COLOR_NAME = AccentColor;
				CODE_SIGN_STYLE = Automatic;
				CURRENT_PROJECT_VERSION = 1;
				DEVELOPMENT_TEAM = 75QZ7682T2;
				GENERATE_INFOPLIST_FILE = YES;
				INFOPLIST_FILE = KazWeather/Config/Info.plist;
				INFOPLIST_KEY_UIApplicationSupportsIndirectInputEvents = YES;
				INFOPLIST_KEY_UILaunchStoryboardName = LaunchScreen;
				INFOPLIST_KEY_UISupportedInterfaceOrientations_iPad = "UIInterfaceOrientationPortrait UIInterfaceOrientationPortraitUpsideDown UIInterfaceOrientationLandscapeLeft UIInterfaceOrientationLandscapeRight";
				INFOPLIST_KEY_UISupportedInterfaceOrientations_iPhone = "UIInterfaceOrientationPortrait UIInterfaceOrientationLandscapeLeft UIInterfaceOrientationLandscapeRight";
				LD_RUNPATH_SEARCH_PATHS = (
					"$(inherited)",
					"@executable_path/Frameworks",
				);
				MARKETING_VERSION = 1.0;
				PRODUCT_BUNDLE_IDENTIFIER = com.Kaz.KazWeather;
				PRODUCT_NAME = "$(TARGET_NAME)";
				SWIFT_EMIT_LOC_STRINGS = YES;
				SWIFT_VERSION = 5.0;
				TARGETED_DEVICE_FAMILY = "1,2";
			};
			name = Release;
		};
		6EB536432B74D0BC00C8B8CA /* Debug */ = {
			isa = XCBuildConfiguration;
			buildSettings = {
				CLANG_ENABLE_MODULES = YES;
				CODE_SIGN_STYLE = Automatic;
				CURRENT_PROJECT_VERSION = 1;
				DEFINES_MODULE = YES;
				DEVELOPMENT_TEAM = 75QZ7682T2;
				DYLIB_COMPATIBILITY_VERSION = 1;
				DYLIB_CURRENT_VERSION = 1;
				DYLIB_INSTALL_NAME_BASE = "@rpath";
				ENABLE_MODULE_VERIFIER = YES;
				GENERATE_INFOPLIST_FILE = YES;
				INFOPLIST_KEY_NSHumanReadableCopyright = "";
				INSTALL_PATH = "$(LOCAL_LIBRARY_DIR)/Frameworks";
				LD_RUNPATH_SEARCH_PATHS = (
					"$(inherited)",
					"@executable_path/Frameworks",
					"@loader_path/Frameworks",
				);
				MARKETING_VERSION = 1.0;
				MODULE_VERIFIER_SUPPORTED_LANGUAGES = "objective-c objective-c++";
				MODULE_VERIFIER_SUPPORTED_LANGUAGE_STANDARDS = "gnu17 gnu++20";
				PRODUCT_BUNDLE_IDENTIFIER = com.Kaz.KazDesignSystem;
				PRODUCT_NAME = "$(TARGET_NAME:c99extidentifier)";
				SKIP_INSTALL = YES;
				SWIFT_EMIT_LOC_STRINGS = YES;
				SWIFT_OPTIMIZATION_LEVEL = "-Onone";
				SWIFT_VERSION = 5.0;
				TARGETED_DEVICE_FAMILY = "1,2";
				VERSIONING_SYSTEM = "apple-generic";
				VERSION_INFO_PREFIX = "";
			};
			name = Debug;
		};
		6EB536442B74D0BC00C8B8CA /* Release */ = {
			isa = XCBuildConfiguration;
			buildSettings = {
				CLANG_ENABLE_MODULES = YES;
				CODE_SIGN_STYLE = Automatic;
				CURRENT_PROJECT_VERSION = 1;
				DEFINES_MODULE = YES;
				DEVELOPMENT_TEAM = 75QZ7682T2;
				DYLIB_COMPATIBILITY_VERSION = 1;
				DYLIB_CURRENT_VERSION = 1;
				DYLIB_INSTALL_NAME_BASE = "@rpath";
				ENABLE_MODULE_VERIFIER = YES;
				GENERATE_INFOPLIST_FILE = YES;
				INFOPLIST_KEY_NSHumanReadableCopyright = "";
				INSTALL_PATH = "$(LOCAL_LIBRARY_DIR)/Frameworks";
				LD_RUNPATH_SEARCH_PATHS = (
					"$(inherited)",
					"@executable_path/Frameworks",
					"@loader_path/Frameworks",
				);
				MARKETING_VERSION = 1.0;
				MODULE_VERIFIER_SUPPORTED_LANGUAGES = "objective-c objective-c++";
				MODULE_VERIFIER_SUPPORTED_LANGUAGE_STANDARDS = "gnu17 gnu++20";
				PRODUCT_BUNDLE_IDENTIFIER = com.Kaz.KazDesignSystem;
				PRODUCT_NAME = "$(TARGET_NAME:c99extidentifier)";
				SKIP_INSTALL = YES;
				SWIFT_EMIT_LOC_STRINGS = YES;
				SWIFT_VERSION = 5.0;
				TARGETED_DEVICE_FAMILY = "1,2";
				VERSIONING_SYSTEM = "apple-generic";
				VERSION_INFO_PREFIX = "";
			};
			name = Release;
		};
/* End XCBuildConfiguration section */

/* Begin XCConfigurationList section */
		6EB536102B74CB5A00C8B8CA /* Build configuration list for PBXProject "KazWeather" */ = {
			isa = XCConfigurationList;
			buildConfigurations = (
				6EB536272B74CB5D00C8B8CA /* Debug */,
				6EB536282B74CB5D00C8B8CA /* Release */,
			);
			defaultConfigurationIsVisible = 0;
			defaultConfigurationName = Release;
		};
		6EB536292B74CB5D00C8B8CA /* Build configuration list for PBXNativeTarget "KazWeather" */ = {
			isa = XCConfigurationList;
			buildConfigurations = (
				6EB5362A2B74CB5D00C8B8CA /* Debug */,
				6EB5362B2B74CB5D00C8B8CA /* Release */,
			);
			defaultConfigurationIsVisible = 0;
			defaultConfigurationName = Release;
		};
		6EB536422B74D0BC00C8B8CA /* Build configuration list for PBXNativeTarget "KazDesignSystem" */ = {
			isa = XCConfigurationList;
			buildConfigurations = (
				6EB536432B74D0BC00C8B8CA /* Debug */,
				6EB536442B74D0BC00C8B8CA /* Release */,
			);
			defaultConfigurationIsVisible = 0;
			defaultConfigurationName = Release;
		};
/* End XCConfigurationList section */

/* Begin XCRemoteSwiftPackageReference section */
		6EB5365A2B74E2F200C8B8CA /* XCRemoteSwiftPackageReference "SnapKit" */ = {
			isa = XCRemoteSwiftPackageReference;
			repositoryURL = "https://github.com/SnapKit/SnapKit";
			requirement = {
				kind = upToNextMajorVersion;
				minimumVersion = 5.7.0;
			};
		};
		6EB5365D2B74E30300C8B8CA /* XCRemoteSwiftPackageReference "Kingfisher" */ = {
			isa = XCRemoteSwiftPackageReference;
			repositoryURL = "https://github.com/onevcat/Kingfisher";
			requirement = {
				kind = upToNextMajorVersion;
				minimumVersion = 7.10.2;
			};
		};
/* End XCRemoteSwiftPackageReference section */

/* Begin XCSwiftPackageProductDependency section */
		6EB5365B2B74E2F200C8B8CA /* SnapKit */ = {
			isa = XCSwiftPackageProductDependency;
			package = 6EB5365A2B74E2F200C8B8CA /* XCRemoteSwiftPackageReference "SnapKit" */;
			productName = SnapKit;
		};
		6EB5365E2B74E30300C8B8CA /* Kingfisher */ = {
			isa = XCSwiftPackageProductDependency;
			package = 6EB5365D2B74E30300C8B8CA /* XCRemoteSwiftPackageReference "Kingfisher" */;
			productName = Kingfisher;
		};
/* End XCSwiftPackageProductDependency section */
	};
	rootObject = 6EB5360D2B74CB5A00C8B8CA /* Project object */;
}
